
Microsoft Visual Studio Solution File, Format Version 12.00
# Visual Studio Version 16
VisualStudioVersion = 16.0.30907.101
MinimumVisualStudioVersion = 10.0.40219.1
Project("{9A19103F-16F7-4668-BE54-9A1E7A4F7556}") = "OnlineBookstore", "OnlineBookstore.csproj", "{89E1CD6F-9D27-4E0A-BB55-A0CEC5FAB6FD}"
EndProject
Global
	GlobalSection(SolutionConfigurationPlatforms) = preSolution
		Debug|Any CPU = Debug|Any CPU
		Release|Any CPU = Release|Any CPU
	EndGlobalSection
	GlobalSection(ProjectConfigurationPlatforms) = postSolution
		{89E1CD6F-9D27-4E0A-BB55-A0CEC5FAB6FD}.Debug|Any CPU.ActiveCfg = Debug|Any CPU
		{89E1CD6F-9D27-4E0A-BB55-A0CEC5FAB6FD}.Debug|Any CPU.Build.0 = Debug|Any CPU
		{89E1CD6F-9D27-4E0A-BB55-A0CEC5FAB6FD}.Release|Any CPU.ActiveCfg = Release|Any CPU
		{89E1CD6F-9D27-4E0A-BB55-A0CEC5FAB6FD}.Release|Any CPU.Build.0 = Release|Any CPU
	EndGlobalSection
	GlobalSection(SolutionProperties) = preSolution
		HideSolutionNode = FALSE
	EndGlobalSection
	GlobalSection(ExtensibilityGlobals) = postSolution
		SolutionGuid = {031A5BD0-0A9F-4C03-BADD-C51F60FF0222}
	EndGlobalSection
EndGlobal
